{
  "name": "prelude.ts",
  "version": "1.0.0",
  "lockfileVersion": 1,
  "requires": true,
  "dependencies": {
    "typescript": {
      "version": "4.1.0-dev.20200810",
      "resolved": "https://registry.npmjs.org/typescript/-/typescript-4.1.0-dev.20200810.tgz",
      "integrity": "sha512-r7ltOj6omDlIzC1NCTz2rZrydFdyeHfJF+vC8xR/tZGxfaWLKck8MJpzbNLXTRB7lLD7PuxL7JDtppj+MmSgQA=="
    }
  }
}
